
Microsoft Visual Studio Solution File, Format Version 12.00
Project("{FAE04EC0-301F-11D3-BF4B-00C04F79EFBC}") = "DynamicNotifyPropertyChanged", "src\DynamicNotifyPropertyChanged\DynamicNotifyPropertyChanged.csproj", "{C8C400A3-3DFF-4CEF-B4BB-EB8095DA30F8}"
EndProject
Project("{FAE04EC0-301F-11D3-BF4B-00C04F79EFBC}") = "DynamicNotifyPropertyChanged.Tests", "test\DynamicNotifyPropertyChanged.Tests\DynamicNotifyPropertyChanged.Tests.csproj", "{77D3905A-E0D9-483B-9726-9B168AFB5FBE}"
EndProject
Global
	GlobalSection(SolutionConfigurationPlatforms) = preSolution
		Debug|Any CPU = Debug|Any CPU
		Release|Any CPU = Release|Any CPU
	EndGlobalSection
	GlobalSection(ProjectConfigurationPlatforms) = postSolution
		{C8C400A3-3DFF-4CEF-B4BB-EB8095DA30F8}.Debug|Any CPU.ActiveCfg = Debug|Any CPU
		{C8C400A3-3DFF-4CEF-B4BB-EB8095DA30F8}.Debug|Any CPU.Build.0 = Debug|Any CPU
		{C8C400A3-3DFF-4CEF-B4BB-EB8095DA30F8}.Release|Any CPU.ActiveCfg = Release|Any CPU
		{C8C400A3-3DFF-4CEF-B4BB-EB8095DA30F8}.Release|Any CPU.Build.0 = Release|Any CPU
		{77D3905A-E0D9-483B-9726-9B168AFB5FBE}.Debug|Any CPU.ActiveCfg = Debug|Any CPU
		{77D3905A-E0D9-483B-9726-9B168AFB5FBE}.Debug|Any CPU.Build.0 = Debug|Any CPU
		{77D3905A-E0D9-483B-9726-9B168AFB5FBE}.Release|Any CPU.ActiveCfg = Release|Any CPU
		{77D3905A-E0D9-483B-9726-9B168AFB5FBE}.Release|Any CPU.Build.0 = Release|Any CPU
	EndGlobalSection
EndGlobal
